<Solution>
  <Folder Name="/src/">
    <Project Path="src/VTCStockManagementCase.Api/VTCStockManagementCase.Api.csproj" />
    <Project Path="src/VTCStockManagementCase.Application/VTCStockManagementCase.Application.csproj" />
    <Project Path="src/VTCStockManagementCase.Domain/VTCStockManagementCase.Domain.csproj" />
    <Project Path="src/VTCStockManagementCase.Infrastructure/VTCStockManagementCase.Infrastructure.csproj" />
  </Folder>
</Solution>
